
Microsoft Visual Studio Solution File, Format Version 12.00
# Visual Studio 14
VisualStudioVersion = 14.0.25420.1
MinimumVisualStudioVersion = 10.0.40219.1
Project("{FAE04EC0-301F-11D3-BF4B-00C04F79EFBC}") = "MathematicalRESTTest", "MathematicalRESTTest\MathematicalRESTTest.csproj", "{4A3A7CF0-06B3-4758-A028-856DB5D60292}"
EndProject
Project("{FAE04EC0-301F-11D3-BF4B-00C04F79EFBC}") = "MathematicalRESTTest.Tests", "MathematicalRESTTest.Tests\MathematicalRESTTest.Tests.csproj", "{4D6BA397-BE65-487C-B14A-8A37E6361F83}"
EndProject
Global
	GlobalSection(SolutionConfigurationPlatforms) = preSolution
		Debug|Any CPU = Debug|Any CPU
		Release|Any CPU = Release|Any CPU
	EndGlobalSection
	GlobalSection(ProjectConfigurationPlatforms) = postSolution
		{4A3A7CF0-06B3-4758-A028-856DB5D60292}.Debug|Any CPU.ActiveCfg = Debug|Any CPU
		{4A3A7CF0-06B3-4758-A028-856DB5D60292}.Debug|Any CPU.Build.0 = Debug|Any CPU
		{4A3A7CF0-06B3-4758-A028-856DB5D60292}.Release|Any CPU.ActiveCfg = Release|Any CPU
		{4A3A7CF0-06B3-4758-A028-856DB5D60292}.Release|Any CPU.Build.0 = Release|Any CPU
		{4D6BA397-BE65-487C-B14A-8A37E6361F83}.Debug|Any CPU.ActiveCfg = Debug|Any CPU
		{4D6BA397-BE65-487C-B14A-8A37E6361F83}.Debug|Any CPU.Build.0 = Debug|Any CPU
		{4D6BA397-BE65-487C-B14A-8A37E6361F83}.Release|Any CPU.ActiveCfg = Release|Any CPU
		{4D6BA397-BE65-487C-B14A-8A37E6361F83}.Release|Any CPU.Build.0 = Release|Any CPU
	EndGlobalSection
	GlobalSection(SolutionProperties) = preSolution
		HideSolutionNode = FALSE
	EndGlobalSection
EndGlobal
